
Microsoft Visual Studio Solution File, Format Version 12.00
# Visual Studio Version 17
VisualStudioVersion = 17.5.33530.505
MinimumVisualStudioVersion = 10.0.40219.1
Project("{FAE04EC0-301F-11D3-BF4B-00C04F79EFBC}") = "FullTextSearch.API", "FullTextSearch.API\FullTextSearch.API.csproj", "{ADE56831-E861-477B-B4DE-40C8D6D3FCDC}"
EndProject
Global
	GlobalSection(SolutionConfigurationPlatforms) = preSolution
		Debug|Any CPU = Debug|Any CPU
		Release|Any CPU = Release|Any CPU
	EndGlobalSection
	GlobalSection(ProjectConfigurationPlatforms) = postSolution
		{ADE56831-E861-477B-B4DE-40C8D6D3FCDC}.Debug|Any CPU.ActiveCfg = Debug|Any CPU
		{ADE56831-E861-477B-B4DE-40C8D6D3FCDC}.Debug|Any CPU.Build.0 = Debug|Any CPU
		{ADE56831-E861-477B-B4DE-40C8D6D3FCDC}.Release|Any CPU.ActiveCfg = Release|Any CPU
		{ADE56831-E861-477B-B4DE-40C8D6D3FCDC}.Release|Any CPU.Build.0 = Release|Any CPU
	EndGlobalSection
	GlobalSection(SolutionProperties) = preSolution
		HideSolutionNode = FALSE
	EndGlobalSection
	GlobalSection(ExtensibilityGlobals) = postSolution
		SolutionGuid = {D1ED6DAB-96A2-4899-BE0B-E41E74F98077}
	EndGlobalSection
EndGlobal
